// !$*UTF8*$!
{
	archiveVersion = 1;
	classes = {
	};
	objectVersion = 46;
	objects = {

/* Begin PBXBuildFile section */
		B8B49ECD1A88E44B00981161 /* Pinocchio.h in Headers */ = {isa = PBXBuildFile; fileRef = B8B49ECC1A88E44B00981161 /* Pinocchio.h */; settings = {ATTRIBUTES = (Public, ); }; };
		B8B49ED31A88E44B00981161 /* Pinocchio.framework in Frameworks */ = {isa = PBXBuildFile; fileRef = B8B49EC71A88E44B00981161 /* Pinocchio.framework */; };
		B8B49EDA1A88E44B00981161 /* PinocchioTests.swift in Sources */ = {isa = PBXBuildFile; fileRef = B8B49ED91A88E44B00981161 /* PinocchioTests.swift */; };
		B8B49EE41A88E45B00981161 /* Pinocchio.swift in Sources */ = {isa = PBXBuildFile; fileRef = B8B49EE31A88E45B00981161 /* Pinocchio.swift */; };
/* End PBXBuildFile section */

/* Begin PBXContainerItemProxy section */
		B8B49ED41A88E44B00981161 /* PBXContainerItemProxy */ = {
			isa = PBXContainerItemProxy;
			containerPortal = B8B49EBE1A88E44B00981161 /* Project object */;
			proxyType = 1;
			remoteGlobalIDString = B8B49EC61A88E44B00981161;
			remoteInfo = Pinocchio;
		};
/* End PBXContainerItemProxy section */

/* Begin PBXFileReference section */
		B8B49EC71A88E44B00981161 /* Pinocchio.framework */ = {isa = PBXFileReference; explicitFileType = wrapper.framework; includeInIndex = 0; path = Pinocchio.framework; sourceTree = BUILT_PRODUCTS_DIR; };
		B8B49ECB1A88E44B00981161 /* Info.plist */ = {isa = PBXFileReference; lastKnownFileType = text.plist.xml; path = Info.plist; sourceTree = "<group>"; };
		B8B49ECC1A88E44B00981161 /* Pinocchio.h */ = {isa = PBXFileReference; lastKnownFileType = sourcecode.c.h; path = Pinocchio.h; sourceTree = "<group>"; };
		B8B49ED21A88E44B00981161 /* PinocchioTests.xctest */ = {isa = PBXFileReference; explicitFileType = wrapper.cfbundle; includeInIndex = 0; path = PinocchioTests.xctest; sourceTree = BUILT_PRODUCTS_DIR; };
		B8B49ED81A88E44B00981161 /* Info.plist */ = {isa = PBXFileReference; lastKnownFileType = text.plist.xml; path = Info.plist; sourceTree = "<group>"; };
		B8B49ED91A88E44B00981161 /* PinocchioTests.swift */ = {isa = PBXFileReference; lastKnownFileType = sourcecode.swift; path = PinocchioTests.swift; sourceTree = "<group>"; };
		B8B49EE31A88E45B00981161 /* Pinocchio.swift */ = {isa = PBXFileReference; fileEncoding = 4; lastKnownFileType = sourcecode.swift; path = Pinocchio.swift; sourceTree = "<group>"; };
		B8B49EE71A88F02E00981161 /* Common.xcconfig */ = {isa = PBXFileReference; lastKnownFileType = text.xcconfig; path = Common.xcconfig; sourceTree = "<group>"; };
		B8B49EE91A88F02E00981161 /* Debug.xcconfig */ = {isa = PBXFileReference; lastKnownFileType = text.xcconfig; path = Debug.xcconfig; sourceTree = "<group>"; };
		B8B49EEA1A88F02E00981161 /* Profile.xcconfig */ = {isa = PBXFileReference; lastKnownFileType = text.xcconfig; path = Profile.xcconfig; sourceTree = "<group>"; };
		B8B49EEB1A88F02E00981161 /* Release.xcconfig */ = {isa = PBXFileReference; lastKnownFileType = text.xcconfig; path = Release.xcconfig; sourceTree = "<group>"; };
		B8B49EEC1A88F02E00981161 /* Test.xcconfig */ = {isa = PBXFileReference; lastKnownFileType = text.xcconfig; path = Test.xcconfig; sourceTree = "<group>"; };
		B8B49EEE1A88F02E00981161 /* Application.xcconfig */ = {isa = PBXFileReference; lastKnownFileType = text.xcconfig; path = Application.xcconfig; sourceTree = "<group>"; };
		B8B49EEF1A88F02E00981161 /* Framework.xcconfig */ = {isa = PBXFileReference; lastKnownFileType = text.xcconfig; path = Framework.xcconfig; sourceTree = "<group>"; };
		B8B49EF01A88F02E00981161 /* StaticLibrary.xcconfig */ = {isa = PBXFileReference; lastKnownFileType = text.xcconfig; path = StaticLibrary.xcconfig; sourceTree = "<group>"; };
		B8B49EF21A88F02E00981161 /* iOS-Application.xcconfig */ = {isa = PBXFileReference; lastKnownFileType = text.xcconfig; path = "iOS-Application.xcconfig"; sourceTree = "<group>"; };
		B8B49EF31A88F02E00981161 /* iOS-Base.xcconfig */ = {isa = PBXFileReference; lastKnownFileType = text.xcconfig; path = "iOS-Base.xcconfig"; sourceTree = "<group>"; };
		B8B49EF41A88F02E00981161 /* iOS-Framework.xcconfig */ = {isa = PBXFileReference; lastKnownFileType = text.xcconfig; path = "iOS-Framework.xcconfig"; sourceTree = "<group>"; };
		B8B49EF51A88F02E00981161 /* iOS-StaticLibrary.xcconfig */ = {isa = PBXFileReference; lastKnownFileType = text.xcconfig; path = "iOS-StaticLibrary.xcconfig"; sourceTree = "<group>"; };
		B8B49EF71A88F02E00981161 /* Mac-Application.xcconfig */ = {isa = PBXFileReference; lastKnownFileType = text.xcconfig; path = "Mac-Application.xcconfig"; sourceTree = "<group>"; };
		B8B49EF81A88F02E00981161 /* Mac-Base.xcconfig */ = {isa = PBXFileReference; lastKnownFileType = text.xcconfig; path = "Mac-Base.xcconfig"; sourceTree = "<group>"; };
		B8B49EF91A88F02E00981161 /* Mac-DynamicLibrary.xcconfig */ = {isa = PBXFileReference; lastKnownFileType = text.xcconfig; path = "Mac-DynamicLibrary.xcconfig"; sourceTree = "<group>"; };
		B8B49EFA1A88F02E00981161 /* Mac-Framework.xcconfig */ = {isa = PBXFileReference; lastKnownFileType = text.xcconfig; path = "Mac-Framework.xcconfig"; sourceTree = "<group>"; };
		B8B49EFB1A88F02E00981161 /* Mac-StaticLibrary.xcconfig */ = {isa = PBXFileReference; lastKnownFileType = text.xcconfig; path = "Mac-StaticLibrary.xcconfig"; sourceTree = "<group>"; };
		B8B49EFC1A88F02E00981161 /* README.md */ = {isa = PBXFileReference; lastKnownFileType = net.daringfireball.markdown; path = README.md; sourceTree = "<group>"; };
/* End PBXFileReference section */

/* Begin PBXFrameworksBuildPhase section */
		B8B49EC31A88E44B00981161 /* Frameworks */ = {
			isa = PBXFrameworksBuildPhase;
			buildActionMask = 2147483647;
			files = (
			);
			runOnlyForDeploymentPostprocessing = 0;
		};
		B8B49ECF1A88E44B00981161 /* Frameworks */ = {
			isa = PBXFrameworksBuildPhase;
			buildActionMask = 2147483647;
			files = (
				B8B49ED31A88E44B00981161 /* Pinocchio.framework in Frameworks */,
			);
			runOnlyForDeploymentPostprocessing = 0;
		};
/* End PBXFrameworksBuildPhase section */

/* Begin PBXGroup section */
		B8B49EBD1A88E44B00981161 = {
			isa = PBXGroup;
			children = (
				B8B49EC91A88E44B00981161 /* Pinocchio */,
				B8B49ED61A88E44B00981161 /* PinocchioTests */,
				B8B49EE51A88F02E00981161 /* Configuration */,
				B8B49EC81A88E44B00981161 /* Products */,
			);
			sourceTree = "<group>";
		};
		B8B49EC81A88E44B00981161 /* Products */ = {
			isa = PBXGroup;
			children = (
				B8B49EC71A88E44B00981161 /* Pinocchio.framework */,
				B8B49ED21A88E44B00981161 /* PinocchioTests.xctest */,
			);
			name = Products;
			sourceTree = "<group>";
		};
		B8B49EC91A88E44B00981161 /* Pinocchio */ = {
			isa = PBXGroup;
			children = (
				B8B49ECC1A88E44B00981161 /* Pinocchio.h */,
				B8B49EE31A88E45B00981161 /* Pinocchio.swift */,
				B8B49ECA1A88E44B00981161 /* Supporting Files */,
			);
			path = Pinocchio;
			sourceTree = "<group>";
		};
		B8B49ECA1A88E44B00981161 /* Supporting Files */ = {
			isa = PBXGroup;
			children = (
				B8B49ECB1A88E44B00981161 /* Info.plist */,
			);
			name = "Supporting Files";
			sourceTree = "<group>";
		};
		B8B49ED61A88E44B00981161 /* PinocchioTests */ = {
			isa = PBXGroup;
			children = (
				B8B49ED91A88E44B00981161 /* PinocchioTests.swift */,
				B8B49ED71A88E44B00981161 /* Supporting Files */,
			);
			path = PinocchioTests;
			sourceTree = "<group>";
		};
		B8B49ED71A88E44B00981161 /* Supporting Files */ = {
			isa = PBXGroup;
			children = (
				B8B49ED81A88E44B00981161 /* Info.plist */,
			);
			name = "Supporting Files";
			sourceTree = "<group>";
		};
		B8B49EE51A88F02E00981161 /* Configuration */ = {
			isa = PBXGroup;
			children = (
				B8B49EE61A88F02E00981161 /* Base */,
				B8B49EF11A88F02E00981161 /* iOS */,
				B8B49EF61A88F02E00981161 /* Mac OS X */,
				B8B49EFC1A88F02E00981161 /* README.md */,
			);
			path = Configuration;
			sourceTree = "<group>";
		};
		B8B49EE61A88F02E00981161 /* Base */ = {
			isa = PBXGroup;
			children = (
				B8B49EE71A88F02E00981161 /* Common.xcconfig */,
				B8B49EE81A88F02E00981161 /* Configurations */,
				B8B49EED1A88F02E00981161 /* Targets */,
			);
			path = Base;
			sourceTree = "<group>";
		};
		B8B49EE81A88F02E00981161 /* Configurations */ = {
			isa = PBXGroup;
			children = (
				B8B49EE91A88F02E00981161 /* Debug.xcconfig */,
				B8B49EEA1A88F02E00981161 /* Profile.xcconfig */,
				B8B49EEB1A88F02E00981161 /* Release.xcconfig */,
				B8B49EEC1A88F02E00981161 /* Test.xcconfig */,
			);
			path = Configurations;
			sourceTree = "<group>";
		};
		B8B49EED1A88F02E00981161 /* Targets */ = {
			isa = PBXGroup;
			children = (
				B8B49EEE1A88F02E00981161 /* Application.xcconfig */,
				B8B49EEF1A88F02E00981161 /* Framework.xcconfig */,
				B8B49EF01A88F02E00981161 /* StaticLibrary.xcconfig */,
			);
			path = Targets;
			sourceTree = "<group>";
		};
		B8B49EF11A88F02E00981161 /* iOS */ = {
			isa = PBXGroup;
			children = (
				B8B49EF21A88F02E00981161 /* iOS-Application.xcconfig */,
				B8B49EF31A88F02E00981161 /* iOS-Base.xcconfig */,
				B8B49EF41A88F02E00981161 /* iOS-Framework.xcconfig */,
				B8B49EF51A88F02E00981161 /* iOS-StaticLibrary.xcconfig */,
			);
			path = iOS;
			sourceTree = "<group>";
		};
		B8B49EF61A88F02E00981161 /* Mac OS X */ = {
			isa = PBXGroup;
			children = (
				B8B49EF71A88F02E00981161 /* Mac-Application.xcconfig */,
				B8B49EF81A88F02E00981161 /* Mac-Base.xcconfig */,
				B8B49EF91A88F02E00981161 /* Mac-DynamicLibrary.xcconfig */,
				B8B49EFA1A88F02E00981161 /* Mac-Framework.xcconfig */,
				B8B49EFB1A88F02E00981161 /* Mac-StaticLibrary.xcconfig */,
			);
			path = "Mac OS X";
			sourceTree = "<group>";
		};
/* End PBXGroup section */

/* Begin PBXHeadersBuildPhase section */
		B8B49EC41A88E44B00981161 /* Headers */ = {
			isa = PBXHeadersBuildPhase;
			buildActionMask = 2147483647;
			files = (
				B8B49ECD1A88E44B00981161 /* Pinocchio.h in Headers */,
			);
			runOnlyForDeploymentPostprocessing = 0;
		};
/* End PBXHeadersBuildPhase section */

/* Begin PBXNativeTarget section */
		B8B49EC61A88E44B00981161 /* Pinocchio */ = {
			isa = PBXNativeTarget;
			buildConfigurationList = B8B49EDD1A88E44B00981161 /* Build configuration list for PBXNativeTarget "Pinocchio" */;
			buildPhases = (
				B8B49EC21A88E44B00981161 /* Sources */,
				B8B49EC31A88E44B00981161 /* Frameworks */,
				B8B49EC41A88E44B00981161 /* Headers */,
				B8B49EC51A88E44B00981161 /* Resources */,
			);
			buildRules = (
			);
			dependencies = (
			);
			name = Pinocchio;
			productName = Pinocchio;
			productReference = B8B49EC71A88E44B00981161 /* Pinocchio.framework */;
			productType = "com.apple.product-type.framework";
		};
		B8B49ED11A88E44B00981161 /* PinocchioTests */ = {
			isa = PBXNativeTarget;
			buildConfigurationList = B8B49EE01A88E44B00981161 /* Build configuration list for PBXNativeTarget "PinocchioTests" */;
			buildPhases = (
				B8B49ECE1A88E44B00981161 /* Sources */,
				B8B49ECF1A88E44B00981161 /* Frameworks */,
				B8B49ED01A88E44B00981161 /* Resources */,
			);
			buildRules = (
			);
			dependencies = (
				B8B49ED51A88E44B00981161 /* PBXTargetDependency */,
			);
			name = PinocchioTests;
			productName = PinocchioTests;
			productReference = B8B49ED21A88E44B00981161 /* PinocchioTests.xctest */;
			productType = "com.apple.product-type.bundle.unit-test";
		};
/* End PBXNativeTarget section */

/* Begin PBXProject section */
		B8B49EBE1A88E44B00981161 /* Project object */ = {
			isa = PBXProject;
			attributes = {
				LastUpgradeCheck = 0620;
				ORGANIZATIONNAME = "Ben Cochran";
				TargetAttributes = {
					B8B49EC61A88E44B00981161 = {
						CreatedOnToolsVersion = 6.2;
					};
					B8B49ED11A88E44B00981161 = {
						CreatedOnToolsVersion = 6.2;
					};
				};
			};
			buildConfigurationList = B8B49EC11A88E44B00981161 /* Build configuration list for PBXProject "Pinocchio" */;
			compatibilityVersion = "Xcode 3.2";
			developmentRegion = English;
			hasScannedForEncodings = 0;
			knownRegions = (
				en,
			);
			mainGroup = B8B49EBD1A88E44B00981161;
			productRefGroup = B8B49EC81A88E44B00981161 /* Products */;
			projectDirPath = "";
			projectRoot = "";
			targets = (
				B8B49EC61A88E44B00981161 /* Pinocchio */,
				B8B49ED11A88E44B00981161 /* PinocchioTests */,
			);
		};
/* End PBXProject section */

/* Begin PBXResourcesBuildPhase section */
		B8B49EC51A88E44B00981161 /* Resources */ = {
			isa = PBXResourcesBuildPhase;
			buildActionMask = 2147483647;
			files = (
			);
			runOnlyForDeploymentPostprocessing = 0;
		};
		B8B49ED01A88E44B00981161 /* Resources */ = {
			isa = PBXResourcesBuildPhase;
			buildActionMask = 2147483647;
			files = (
			);
			runOnlyForDeploymentPostprocessing = 0;
		};
/* End PBXResourcesBuildPhase section */

/* Begin PBXSourcesBuildPhase section */
		B8B49EC21A88E44B00981161 /* Sources */ = {
			isa = PBXSourcesBuildPhase;
			buildActionMask = 2147483647;
			files = (
				B8B49EE41A88E45B00981161 /* Pinocchio.swift in Sources */,
			);
			runOnlyForDeploymentPostprocessing = 0;
		};
		B8B49ECE1A88E44B00981161 /* Sources */ = {
			isa = PBXSourcesBuildPhase;
			buildActionMask = 2147483647;
			files = (
				B8B49EDA1A88E44B00981161 /* PinocchioTests.swift in Sources */,
			);
			runOnlyForDeploymentPostprocessing = 0;
		};
/* End PBXSourcesBuildPhase section */

/* Begin PBXTargetDependency section */
		B8B49ED51A88E44B00981161 /* PBXTargetDependency */ = {
			isa = PBXTargetDependency;
			target = B8B49EC61A88E44B00981161 /* Pinocchio */;
			targetProxy = B8B49ED41A88E44B00981161 /* PBXContainerItemProxy */;
		};
/* End PBXTargetDependency section */

/* Begin XCBuildConfiguration section */
		B8B49EDB1A88E44B00981161 /* Debug */ = {
			isa = XCBuildConfiguration;
			baseConfigurationReference = B8B49EE91A88F02E00981161 /* Debug.xcconfig */;
			buildSettings = {
				"CODE_SIGN_IDENTITY[sdk=iphoneos*]" = "iPhone Developer";
				COPY_PHASE_STRIP = NO;
				CURRENT_PROJECT_VERSION = 1;
				IPHONEOS_DEPLOYMENT_TARGET = 8.2;
				ONLY_ACTIVE_ARCH = YES;
				SDKROOT = iphoneos;
				TARGETED_DEVICE_FAMILY = "1,2";
				VERSIONING_SYSTEM = "apple-generic";
			};
			name = Debug;
		};
		B8B49EDC1A88E44B00981161 /* Release */ = {
			isa = XCBuildConfiguration;
			baseConfigurationReference = B8B49EEB1A88F02E00981161 /* Release.xcconfig */;
			buildSettings = {
				"CODE_SIGN_IDENTITY[sdk=iphoneos*]" = "iPhone Developer";
				COPY_PHASE_STRIP = YES;
				CURRENT_PROJECT_VERSION = 1;
				IPHONEOS_DEPLOYMENT_TARGET = 8.2;
				SDKROOT = iphoneos;
				TARGETED_DEVICE_FAMILY = "1,2";
				VALIDATE_PRODUCT = YES;
				VERSIONING_SYSTEM = "apple-generic";
			};
			name = Release;
		};
		B8B49EDE1A88E44B00981161 /* Debug */ = {
			isa = XCBuildConfiguration;
			baseConfigurationReference = B8B49EF41A88F02E00981161 /* iOS-Framework.xcconfig */;
			buildSettings = {
				DYLIB_COMPATIBILITY_VERSION = 1;
				DYLIB_CURRENT_VERSION = 1;
				INFOPLIST_FILE = Pinocchio/Info.plist;
				LD_RUNPATH_SEARCH_PATHS = "$(inherited) @executable_path/Frameworks @loader_path/Frameworks";
				PRODUCT_NAME = "$(TARGET_NAME)";
			};
			name = Debug;
		};
		B8B49EDF1A88E44B00981161 /* Release */ = {
			isa = XCBuildConfiguration;
			baseConfigurationReference = B8B49EF41A88F02E00981161 /* iOS-Framework.xcconfig */;
			buildSettings = {
				DYLIB_COMPATIBILITY_VERSION = 1;
				DYLIB_CURRENT_VERSION = 1;
				INFOPLIST_FILE = Pinocchio/Info.plist;
				LD_RUNPATH_SEARCH_PATHS = "$(inherited) @executable_path/Frameworks @loader_path/Frameworks";
				PRODUCT_NAME = "$(TARGET_NAME)";
			};
			name = Release;
		};
		B8B49EE11A88E44B00981161 /* Debug */ = {
			isa = XCBuildConfiguration;
			baseConfigurationReference = B8B49EF41A88F02E00981161 /* iOS-Framework.xcconfig */;
			buildSettings = {
				FRAMEWORK_SEARCH_PATHS = (
					"$(SDKROOT)/Developer/Library/Frameworks",
					"$(inherited)",
				);
				INFOPLIST_FILE = PinocchioTests/Info.plist;
				PRODUCT_NAME = "$(TARGET_NAME)";
			};
			name = Debug;
		};
		B8B49EE21A88E44B00981161 /* Release */ = {
			isa = XCBuildConfiguration;
			baseConfigurationReference = B8B49EF41A88F02E00981161 /* iOS-Framework.xcconfig */;
			buildSettings = {
				FRAMEWORK_SEARCH_PATHS = (
					"$(SDKROOT)/Developer/Library/Frameworks",
					"$(inherited)",
				);
				INFOPLIST_FILE = PinocchioTests/Info.plist;
				PRODUCT_NAME = "$(TARGET_NAME)";
			};
			name = Release;
		};
/* End XCBuildConfiguration section */

/* Begin XCConfigurationList section */
		B8B49EC11A88E44B00981161 /* Build configuration list for PBXProject "Pinocchio" */ = {
			isa = XCConfigurationList;
			buildConfigurations = (
				B8B49EDB1A88E44B00981161 /* Debug */,
				B8B49EDC1A88E44B00981161 /* Release */,
			);
			defaultConfigurationIsVisible = 0;
			defaultConfigurationName = Release;
		};
		B8B49EDD1A88E44B00981161 /* Build configuration list for PBXNativeTarget "Pinocchio" */ = {
			isa = XCConfigurationList;
			buildConfigurations = (
				B8B49EDE1A88E44B00981161 /* Debug */,
				B8B49EDF1A88E44B00981161 /* Release */,
			);
			defaultConfigurationIsVisible = 0;
		};
		B8B49EE01A88E44B00981161 /* Build configuration list for PBXNativeTarget "PinocchioTests" */ = {
			isa = XCConfigurationList;
			buildConfigurations = (
				B8B49EE11A88E44B00981161 /* Debug */,
				B8B49EE21A88E44B00981161 /* Release */,
			);
			defaultConfigurationIsVisible = 0;
		};
/* End XCConfigurationList section */
	};
	rootObject = B8B49EBE1A88E44B00981161 /* Project object */;
}
